
Microsoft Visual Studio Solution File, Format Version 12.00
# Visual Studio Version 17
VisualStudioVersion = 17.5.002.0
MinimumVisualStudioVersion = 10.0.40219.1
Project("{FAE04EC0-301F-11D3-BF4B-00C04F79EFBC}") = "AWSGeocodeAPI", "AWSGeocodeAPI\AWSGeocodeAPI.csproj", "{57BCDE2F-0716-4BAB-B1A2-495A065B543C}"
EndProject
Project("{FAE04EC0-301F-11D3-BF4B-00C04F79EFBC}") = "AWSGeocodeAPI.Tests", "AWSGeocodeAPI.Tests\AWSGeocodeAPI.Tests.csproj", "{4C526DAD-4D73-4D3F-B909-F8C4BD905784}"
EndProject
Global
	GlobalSection(SolutionConfigurationPlatforms) = preSolution
		Debug|Any CPU = Debug|Any CPU
		Release|Any CPU = Release|Any CPU
	EndGlobalSection
	GlobalSection(ProjectConfigurationPlatforms) = postSolution
		{57BCDE2F-0716-4BAB-B1A2-495A065B543C}.Debug|Any CPU.ActiveCfg = Debug|Any CPU
		{57BCDE2F-0716-4BAB-B1A2-495A065B543C}.Debug|Any CPU.Build.0 = Debug|Any CPU
		{57BCDE2F-0716-4BAB-B1A2-495A065B543C}.Release|Any CPU.ActiveCfg = Release|Any CPU
		{57BCDE2F-0716-4BAB-B1A2-495A065B543C}.Release|Any CPU.Build.0 = Release|Any CPU
		{4C526DAD-4D73-4D3F-B909-F8C4BD905784}.Debug|Any CPU.ActiveCfg = Debug|Any CPU
		{4C526DAD-4D73-4D3F-B909-F8C4BD905784}.Debug|Any CPU.Build.0 = Debug|Any CPU
		{4C526DAD-4D73-4D3F-B909-F8C4BD905784}.Release|Any CPU.ActiveCfg = Release|Any CPU
		{4C526DAD-4D73-4D3F-B909-F8C4BD905784}.Release|Any CPU.Build.0 = Release|Any CPU
	EndGlobalSection
	GlobalSection(SolutionProperties) = preSolution
		HideSolutionNode = FALSE
	EndGlobalSection
	GlobalSection(ExtensibilityGlobals) = postSolution
		SolutionGuid = {C72462B2-70BC-4BBF-8263-47A18B5FE761}
	EndGlobalSection
EndGlobal
